
Microsoft Visual Studio Solution File, Format Version 12.00
# Visual Studio Version 16
VisualStudioVersion = 16.0.30204.135
MinimumVisualStudioVersion = 10.0.40219.1
Project("{9A19103F-16F7-4668-BE54-9A1E7A4F7556}") = "GranSteL.Tools.ScopeSelector", "GranSteL.Tools.ScopeSelector.csproj", "{D5084AE0-E43F-448D-976B-7E0CC875BD4F}"
EndProject
Global
	GlobalSection(SolutionConfigurationPlatforms) = preSolution
		Debug|Any CPU = Debug|Any CPU
		Release|Any CPU = Release|Any CPU
	EndGlobalSection
	GlobalSection(ProjectConfigurationPlatforms) = postSolution
		{D5084AE0-E43F-448D-976B-7E0CC875BD4F}.Debug|Any CPU.ActiveCfg = Debug|Any CPU
		{D5084AE0-E43F-448D-976B-7E0CC875BD4F}.Debug|Any CPU.Build.0 = Debug|Any CPU
		{D5084AE0-E43F-448D-976B-7E0CC875BD4F}.Release|Any CPU.ActiveCfg = Release|Any CPU
		{D5084AE0-E43F-448D-976B-7E0CC875BD4F}.Release|Any CPU.Build.0 = Release|Any CPU
	EndGlobalSection
	GlobalSection(SolutionProperties) = preSolution
		HideSolutionNode = FALSE
	EndGlobalSection
	GlobalSection(ExtensibilityGlobals) = postSolution
		SolutionGuid = {86C214D4-4F8F-43CE-B9D2-700730906AA5}
	EndGlobalSection
EndGlobal
